
Microsoft Visual Studio Solution File, Format Version 12.00
# Visual Studio Version 17
VisualStudioVersion = 17.9.34902.65
MinimumVisualStudioVersion = 10.0.40219.1
Project("{FAE04EC0-301F-11D3-BF4B-00C04F79EFBC}") = "PlatformerGameClient", "PlatformerGame\PlatformerGameClient.csproj", "{39CBDFD1-5133-42A0-A40F-EE1AAFC99B49}"
EndProject
Project("{FAE04EC0-301F-11D3-BF4B-00C04F79EFBC}") = "PlatFormerGameServer", "PlatFormerGameServer\PlatFormerGameServer.csproj", "{86C9A1FF-76AD-433A-A6A2-EA4D58B91060}"
EndProject
Project("{FAE04EC0-301F-11D3-BF4B-00C04F79EFBC}") = "PlaterformerGameShared", "PlaterformerGameShared\PlaterformerGameShared.csproj", "{9DCE4B03-3E65-4497-BD49-5FCEBFA337B3}"
EndProject
Global
	GlobalSection(SolutionConfigurationPlatforms) = preSolution
		Debug|Any CPU = Debug|Any CPU
		Release|Any CPU = Release|Any CPU
	EndGlobalSection
	GlobalSection(ProjectConfigurationPlatforms) = postSolution
		{39CBDFD1-5133-42A0-A40F-EE1AAFC99B49}.Debug|Any CPU.ActiveCfg = Debug|Any CPU
		{39CBDFD1-5133-42A0-A40F-EE1AAFC99B49}.Debug|Any CPU.Build.0 = Debug|Any CPU
		{39CBDFD1-5133-42A0-A40F-EE1AAFC99B49}.Release|Any CPU.ActiveCfg = Release|Any CPU
		{39CBDFD1-5133-42A0-A40F-EE1AAFC99B49}.Release|Any CPU.Build.0 = Release|Any CPU
		{86C9A1FF-76AD-433A-A6A2-EA4D58B91060}.Debug|Any CPU.ActiveCfg = Debug|Any CPU
		{86C9A1FF-76AD-433A-A6A2-EA4D58B91060}.Debug|Any CPU.Build.0 = Debug|Any CPU
		{86C9A1FF-76AD-433A-A6A2-EA4D58B91060}.Release|Any CPU.ActiveCfg = Release|Any CPU
		{86C9A1FF-76AD-433A-A6A2-EA4D58B91060}.Release|Any CPU.Build.0 = Release|Any CPU
		{9DCE4B03-3E65-4497-BD49-5FCEBFA337B3}.Debug|Any CPU.ActiveCfg = Debug|Any CPU
		{9DCE4B03-3E65-4497-BD49-5FCEBFA337B3}.Debug|Any CPU.Build.0 = Debug|Any CPU
		{9DCE4B03-3E65-4497-BD49-5FCEBFA337B3}.Release|Any CPU.ActiveCfg = Release|Any CPU
		{9DCE4B03-3E65-4497-BD49-5FCEBFA337B3}.Release|Any CPU.Build.0 = Release|Any CPU
	EndGlobalSection
	GlobalSection(SolutionProperties) = preSolution
		HideSolutionNode = FALSE
	EndGlobalSection
	GlobalSection(ExtensibilityGlobals) = postSolution
		SolutionGuid = {643C0C34-33E1-4B71-8776-DF0CD60E32C9}
	EndGlobalSection
EndGlobal
